
Microsoft Visual Studio Solution File, Format Version 12.00
# Visual Studio Version 17
VisualStudioVersion = 17.8.34525.116
MinimumVisualStudioVersion = 10.0.40219.1
Project("{FAE04EC0-301F-11D3-BF4B-00C04F79EFBC}") = "BookStoreApp.API", "BookStoreApp.API\BookStoreApp.API.csproj", "{B2FD96EE-8777-48E5-B62D-F779B65E7145}"
EndProject
Global
	GlobalSection(SolutionConfigurationPlatforms) = preSolution
		Debug|Any CPU = Debug|Any CPU
		Release|Any CPU = Release|Any CPU
	EndGlobalSection
	GlobalSection(ProjectConfigurationPlatforms) = postSolution
		{B2FD96EE-8777-48E5-B62D-F779B65E7145}.Debug|Any CPU.ActiveCfg = Debug|Any CPU
		{B2FD96EE-8777-48E5-B62D-F779B65E7145}.Debug|Any CPU.Build.0 = Debug|Any CPU
		{B2FD96EE-8777-48E5-B62D-F779B65E7145}.Release|Any CPU.ActiveCfg = Release|Any CPU
		{B2FD96EE-8777-48E5-B62D-F779B65E7145}.Release|Any CPU.Build.0 = Release|Any CPU
	EndGlobalSection
	GlobalSection(SolutionProperties) = preSolution
		HideSolutionNode = FALSE
	EndGlobalSection
	GlobalSection(ExtensibilityGlobals) = postSolution
		SolutionGuid = {B8CD7F33-BEB7-4ADE-983E-5E040363E117}
	EndGlobalSection
EndGlobal
